
Microsoft Visual Studio Solution File, Format Version 12.00
# Visual Studio 15
VisualStudioVersion = 15.0.26730.16
MinimumVisualStudioVersion = 10.0.40219.1
Project("{FAE04EC0-301F-11D3-BF4B-00C04F79EFBC}") = "CodeWars Pig Latin Sentence", "CodeWars Pig Latin Sentence\CodeWars Pig Latin Sentence.csproj", "{134480B5-F433-4C6A-86AC-60B79CE4D6F7}"
EndProject
Global
	GlobalSection(SolutionConfigurationPlatforms) = preSolution
		Debug|Any CPU = Debug|Any CPU
		Release|Any CPU = Release|Any CPU
	EndGlobalSection
	GlobalSection(ProjectConfigurationPlatforms) = postSolution
		{134480B5-F433-4C6A-86AC-60B79CE4D6F7}.Debug|Any CPU.ActiveCfg = Debug|Any CPU
		{134480B5-F433-4C6A-86AC-60B79CE4D6F7}.Debug|Any CPU.Build.0 = Debug|Any CPU
		{134480B5-F433-4C6A-86AC-60B79CE4D6F7}.Release|Any CPU.ActiveCfg = Release|Any CPU
		{134480B5-F433-4C6A-86AC-60B79CE4D6F7}.Release|Any CPU.Build.0 = Release|Any CPU
	EndGlobalSection
	GlobalSection(SolutionProperties) = preSolution
		HideSolutionNode = FALSE
	EndGlobalSection
	GlobalSection(ExtensibilityGlobals) = postSolution
		SolutionGuid = {48CF530A-7454-4A91-A505-F618D9DE1466}
	EndGlobalSection
EndGlobal
